// !$*UTF8*$!
{
	archiveVersion = 1;
	classes = {
	};
	objectVersion = 77;
	objects = {

/* Begin PBXContainerItemProxy section */
		9BCC3CF42E41E3060087378D /* PBXContainerItemProxy */ = {
			isa = PBXContainerItemProxy;
			containerPortal = 9BCC3CDB2E41E3050087378D /* Project object */;
			proxyType = 1;
			remoteGlobalIDString = 9BCC3CE22E41E3050087378D;
			remoteInfo = sepaktakraw_app;
		};
		9BCC3CFE2E41E3060087378D /* PBXContainerItemProxy */ = {
			isa = PBXContainerItemProxy;
			containerPortal = 9BCC3CDB2E41E3050087378D /* Project object */;
			proxyType = 1;
			remoteGlobalIDString = 9BCC3CE22E41E3050087378D;
			remoteInfo = sepaktakraw_app;
		};
/* End PBXContainerItemProxy section */

/* Begin PBXFileReference section */
		9BCC3CE32E41E3050087378D /* sepaktakraw_app.app */ = {isa = PBXFileReference; explicitFileType = wrapper.application; includeInIndex = 0; path = sepaktakraw_app.app; sourceTree = BUILT_PRODUCTS_DIR; };
		9BCC3CF32E41E3060087378D /* sepaktakraw_appTests.xctest */ = {isa = PBXFileReference; explicitFileType = wrapper.cfbundle; includeInIndex = 0; path = sepaktakraw_appTests.xctest; sourceTree = BUILT_PRODUCTS_DIR; };
		9BCC3CFD2E41E3060087378D /* sepaktakraw_appUITests.xctest */ = {isa = PBXFileReference; explicitFileType = wrapper.cfbundle; includeInIndex = 0; path = sepaktakraw_appUITests.xctest; sourceTree = BUILT_PRODUCTS_DIR; };
/* End PBXFileReference section */

/* Begin PBXFileSystemSynchronizedRootGroup section */
		9BCC3CE52E41E3050087378D /* sepaktakraw_app */ = {
			isa = PBXFileSystemSynchronizedRootGroup;
			path = sepaktakraw_app;
			sourceTree = "<group>";
		};
		9BCC3CF62E41E3060087378D /* sepaktakraw_appTests */ = {
			isa = PBXFileSystemSynchronizedRootGroup;
			path = sepaktakraw_appTests;
			sourceTree = "<group>";
		};
		9BCC3D002E41E3060087378D /* sepaktakraw_appUITests */ = {
			isa = PBXFileSystemSynchronizedRootGroup;
			path = sepaktakraw_appUITests;
			sourceTree = "<group>";
		};
/* End PBXFileSystemSynchronizedRootGroup section */

/* Begin PBXFrameworksBuildPhase section */
		9BCC3CE02E41E3050087378D /* Frameworks */ = {
			isa = PBXFrameworksBuildPhase;
			buildActionMask = 2147483647;
			files = (
			);
			runOnlyForDeploymentPostprocessing = 0;
		};
		9BCC3CF02E41E3060087378D /* Frameworks */ = {
			isa = PBXFrameworksBuildPhase;
			buildActionMask = 2147483647;
			files = (
			);
			runOnlyForDeploymentPostprocessing = 0;
		};
		9BCC3CFA2E41E3060087378D /* Frameworks */ = {
			isa = PBXFrameworksBuildPhase;
			buildActionMask = 2147483647;
			files = (
			);
			runOnlyForDeploymentPostprocessing = 0;
		};
/* End PBXFrameworksBuildPhase section */

/* Begin PBXGroup section */
		9BCC3CDA2E41E3050087378D = {
			isa = PBXGroup;
			children = (
				9BCC3CE52E41E3050087378D /* sepaktakraw_app */,
				9BCC3CF62E41E3060087378D /* sepaktakraw_appTests */,
				9BCC3D002E41E3060087378D /* sepaktakraw_appUITests */,
				9BCC3CE42E41E3050087378D /* Products */,
			);
			sourceTree = "<group>";
		};
		9BCC3CE42E41E3050087378D /* Products */ = {
			isa = PBXGroup;
			children = (
				9BCC3CE32E41E3050087378D /* sepaktakraw_app.app */,
				9BCC3CF32E41E3060087378D /* sepaktakraw_appTests.xctest */,
				9BCC3CFD2E41E3060087378D /* sepaktakraw_appUITests.xctest */,
			);
			name = Products;
			sourceTree = "<group>";
		};
/* End PBXGroup section */

/* Begin PBXNativeTarget section */
		9BCC3CE22E41E3050087378D /* sepaktakraw_app */ = {
			isa = PBXNativeTarget;
			buildConfigurationList = 9BCC3D072E41E3060087378D /* Build configuration list for PBXNativeTarget "sepaktakraw_app" */;
			buildPhases = (
				9BCC3CDF2E41E3050087378D /* Sources */,
				9BCC3CE02E41E3050087378D /* Frameworks */,
				9BCC3CE12E41E3050087378D /* Resources */,
			);
			buildRules = (
			);
			dependencies = (
			);
			fileSystemSynchronizedGroups = (
				9BCC3CE52E41E3050087378D /* sepaktakraw_app */,
			);
			name = sepaktakraw_app;
			packageProductDependencies = (
			);
			productName = sepaktakraw_app;
			productReference = 9BCC3CE32E41E3050087378D /* sepaktakraw_app.app */;
			productType = "com.apple.product-type.application";
		};
		9BCC3CF22E41E3060087378D /* sepaktakraw_appTests */ = {
			isa = PBXNativeTarget;
			buildConfigurationList = 9BCC3D0A2E41E3060087378D /* Build configuration list for PBXNativeTarget "sepaktakraw_appTests" */;
			buildPhases = (
				9BCC3CEF2E41E3060087378D /* Sources */,
				9BCC3CF02E41E3060087378D /* Frameworks */,
				9BCC3CF12E41E3060087378D /* Resources */,
			);
			buildRules = (
			);
			dependencies = (
				9BCC3CF52E41E3060087378D /* PBXTargetDependency */,
			);
			fileSystemSynchronizedGroups = (
				9BCC3CF62E41E3060087378D /* sepaktakraw_appTests */,
			);
			name = sepaktakraw_appTests;
			packageProductDependencies = (
			);
			productName = sepaktakraw_appTests;
			productReference = 9BCC3CF32E41E3060087378D /* sepaktakraw_appTests.xctest */;
			productType = "com.apple.product-type.bundle.unit-test";
		};
		9BCC3CFC2E41E3060087378D /* sepaktakraw_appUITests */ = {
			isa = PBXNativeTarget;
			buildConfigurationList = 9BCC3D0D2E41E3060087378D /* Build configuration list for PBXNativeTarget "sepaktakraw_appUITests" */;
			buildPhases = (
				9BCC3CF92E41E3060087378D /* Sources */,
				9BCC3CFA2E41E3060087378D /* Frameworks */,
				9BCC3CFB2E41E3060087378D /* Resources */,
			);
			buildRules = (
			);
			dependencies = (
				9BCC3CFF2E41E3060087378D /* PBXTargetDependency */,
			);
			fileSystemSynchronizedGroups = (
				9BCC3D002E41E3060087378D /* sepaktakraw_appUITests */,
			);
			name = sepaktakraw_appUITests;
			packageProductDependencies = (
			);
			productName = sepaktakraw_appUITests;
			productReference = 9BCC3CFD2E41E3060087378D /* sepaktakraw_appUITests.xctest */;
			productType = "com.apple.product-type.bundle.ui-testing";
		};
/* End PBXNativeTarget section */

/* Begin PBXProject section */
		9BCC3CDB2E41E3050087378D /* Project object */ = {
			isa = PBXProject;
			attributes = {
				BuildIndependentTargetsInParallel = 1;
				LastSwiftUpdateCheck = 1620;
				LastUpgradeCheck = 1620;
				TargetAttributes = {
					9BCC3CE22E41E3050087378D = {
						CreatedOnToolsVersion = 16.2;
					};
					9BCC3CF22E41E3060087378D = {
						CreatedOnToolsVersion = 16.2;
						TestTargetID = 9BCC3CE22E41E3050087378D;
					};
					9BCC3CFC2E41E3060087378D = {
						CreatedOnToolsVersion = 16.2;
						TestTargetID = 9BCC3CE22E41E3050087378D;
					};
				};
			};
			buildConfigurationList = 9BCC3CDE2E41E3050087378D /* Build configuration list for PBXProject "sepaktakraw_app" */;
			developmentRegion = en;
			hasScannedForEncodings = 0;
			knownRegions = (
				en,
				Base,
			);
			mainGroup = 9BCC3CDA2E41E3050087378D;
			minimizedProjectReferenceProxies = 1;
			preferredProjectObjectVersion = 77;
			productRefGroup = 9BCC3CE42E41E3050087378D /* Products */;
			projectDirPath = "";
			projectRoot = "";
			targets = (
				9BCC3CE22E41E3050087378D /* sepaktakraw_app */,
				9BCC3CF22E41E3060087378D /* sepaktakraw_appTests */,
				9BCC3CFC2E41E3060087378D /* sepaktakraw_appUITests */,
			);
		};
/* End PBXProject section */

/* Begin PBXResourcesBuildPhase section */
		9BCC3CE12E41E3050087378D /* Resources */ = {
			isa = PBXResourcesBuildPhase;
			buildActionMask = 2147483647;
			files = (
			);
			runOnlyForDeploymentPostprocessing = 0;
		};
		9BCC3CF12E41E3060087378D /* Resources */ = {
			isa = PBXResourcesBuildPhase;
			buildActionMask = 2147483647;
			files = (
			);
			runOnlyForDeploymentPostprocessing = 0;
		};
		9BCC3CFB2E41E3060087378D /* Resources */ = {
			isa = PBXResourcesBuildPhase;
			buildActionMask = 2147483647;
			files = (
			);
			runOnlyForDeploymentPostprocessing = 0;
		};
/* End PBXResourcesBuildPhase section */

/* Begin PBXSourcesBuildPhase section */
		9BCC3CDF2E41E3050087378D /* Sources */ = {
			isa = PBXSourcesBuildPhase;
			buildActionMask = 2147483647;
			files = (
			);
			runOnlyForDeploymentPostprocessing = 0;
		};
		9BCC3CEF2E41E3060087378D /* Sources */ = {
			isa = PBXSourcesBuildPhase;
			buildActionMask = 2147483647;
			files = (
			);
			runOnlyForDeploymentPostprocessing = 0;
		};
		9BCC3CF92E41E3060087378D /* Sources */ = {
			isa = PBXSourcesBuildPhase;
			buildActionMask = 2147483647;
			files = (
			);
			runOnlyForDeploymentPostprocessing = 0;
		};
/* End PBXSourcesBuildPhase section */

/* Begin PBXTargetDependency section */
		9BCC3CF52E41E3060087378D /* PBXTargetDependency */ = {
			isa = PBXTargetDependency;
			target = 9BCC3CE22E41E3050087378D /* sepaktakraw_app */;
			targetProxy = 9BCC3CF42E41E3060087378D /* PBXContainerItemProxy */;
		};
		9BCC3CFF2E41E3060087378D /* PBXTargetDependency */ = {
			isa = PBXTargetDependency;
			target = 9BCC3CE22E41E3050087378D /* sepaktakraw_app */;
			targetProxy = 9BCC3CFE2E41E3060087378D /* PBXContainerItemProxy */;
		};
/* End PBXTargetDependency section */

/* Begin XCBuildConfiguration section */
		9BCC3D052E41E3060087378D /* Debug */ = {
			isa = XCBuildConfiguration;
			buildSettings = {
				ALWAYS_SEARCH_USER_PATHS = NO;
				ASSETCATALOG_COMPILER_GENERATE_SWIFT_ASSET_SYMBOL_EXTENSIONS = YES;
				CLANG_ANALYZER_NONNULL = YES;
				CLANG_ANALYZER_NUMBER_OBJECT_CONVERSION = YES_AGGRESSIVE;
				CLANG_CXX_LANGUAGE_STANDARD = "gnu++20";
				CLANG_ENABLE_MODULES = YES;
				CLANG_ENABLE_OBJC_ARC = YES;
				CLANG_ENABLE_OBJC_WEAK = YES;
				CLANG_WARN_BLOCK_CAPTURE_AUTORELEASING = YES;
				CLANG_WARN_BOOL_CONVERSION = YES;
				CLANG_WARN_COMMA = YES;
				CLANG_WARN_CONSTANT_CONVERSION = YES;
				CLANG_WARN_DEPRECATED_OBJC_IMPLEMENTATIONS = YES;
				CLANG_WARN_DIRECT_OBJC_ISA_USAGE = YES_ERROR;
				CLANG_WARN_DOCUMENTATION_COMMENTS = YES;
				CLANG_WARN_EMPTY_BODY = YES;
				CLANG_WARN_ENUM_CONVERSION = YES;
				CLANG_WARN_INFINITE_RECURSION = YES;
				CLANG_WARN_INT_CONVERSION = YES;
				CLANG_WARN_NON_LITERAL_NULL_CONVERSION = YES;
				CLANG_WARN_OBJC_IMPLICIT_RETAIN_SELF = YES;
				CLANG_WARN_OBJC_LITERAL_CONVERSION = YES;
				CLANG_WARN_OBJC_ROOT_CLASS = YES_ERROR;
				CLANG_WARN_QUOTED_INCLUDE_IN_FRAMEWORK_HEADER = YES;
				CLANG_WARN_RANGE_LOOP_ANALYSIS = YES;
				CLANG_WARN_STRICT_PROTOTYPES = YES;
				CLANG_WARN_SUSPICIOUS_MOVE = YES;
				CLANG_WARN_UNGUARDED_AVAILABILITY = YES_AGGRESSIVE;
				CLANG_WARN_UNREACHABLE_CODE = YES;
				CLANG_WARN__DUPLICATE_METHOD_MATCH = YES;
				COPY_PHASE_STRIP = NO;
				DEBUG_INFORMATION_FORMAT = dwarf;
				ENABLE_STRICT_OBJC_MSGSEND = YES;
				ENABLE_TESTABILITY = YES;
				ENABLE_USER_SCRIPT_SANDBOXING = YES;
				GCC_C_LANGUAGE_STANDARD = gnu17;
				GCC_DYNAMIC_NO_PIC = NO;
				GCC_NO_COMMON_BLOCKS = YES;
				GCC_OPTIMIZATION_LEVEL = 0;
				GCC_PREPROCESSOR_DEFINITIONS = (
					"DEBUG=1",
					"$(inherited)",
				);
				GCC_WARN_64_TO_32_BIT_CONVERSION = YES;
				GCC_WARN_ABOUT_RETURN_TYPE = YES_ERROR;
				GCC_WARN_UNDECLARED_SELECTOR = YES;
				GCC_WARN_UNINITIALIZED_AUTOS = YES_AGGRESSIVE;
				GCC_WARN_UNUSED_FUNCTION = YES;
				GCC_WARN_UNUSED_VARIABLE = YES;
				IPHONEOS_DEPLOYMENT_TARGET = 18.2;
				LOCALIZATION_PREFERS_STRING_CATALOGS = YES;
				MTL_ENABLE_DEBUG_INFO = INCLUDE_SOURCE;
				MTL_FAST_MATH = YES;
				ONLY_ACTIVE_ARCH = YES;
				SDKROOT = iphoneos;
				SWIFT_ACTIVE_COMPILATION_CONDITIONS = "DEBUG $(inherited)";
				SWIFT_OPTIMIZATION_LEVEL = "-Onone";
			};
			name = Debug;
		};
		9BCC3D062E41E3060087378D /* Release */ = {
			isa = XCBuildConfiguration;
			buildSettings = {
				ALWAYS_SEARCH_USER_PATHS = NO;
				ASSETCATALOG_COMPILER_GENERATE_SWIFT_ASSET_SYMBOL_EXTENSIONS = YES;
				CLANG_ANALYZER_NONNULL = YES;
				CLANG_ANALYZER_NUMBER_OBJECT_CONVERSION = YES_AGGRESSIVE;
				CLANG_CXX_LANGUAGE_STANDARD = "gnu++20";
				CLANG_ENABLE_MODULES = YES;
				CLANG_ENABLE_OBJC_ARC = YES;
				CLANG_ENABLE_OBJC_WEAK = YES;
				CLANG_WARN_BLOCK_CAPTURE_AUTORELEASING = YES;
				CLANG_WARN_BOOL_CONVERSION = YES;
				CLANG_WARN_COMMA = YES;
				CLANG_WARN_CONSTANT_CONVERSION = YES;
				CLANG_WARN_DEPRECATED_OBJC_IMPLEMENTATIONS = YES;
				CLANG_WARN_DIRECT_OBJC_ISA_USAGE = YES_ERROR;
				CLANG_WARN_DOCUMENTATION_COMMENTS = YES;
				CLANG_WARN_EMPTY_BODY = YES;
				CLANG_WARN_ENUM_CONVERSION = YES;
				CLANG_WARN_INFINITE_RECURSION = YES;
				CLANG_WARN_INT_CONVERSION = YES;
				CLANG_WARN_NON_LITERAL_NULL_CONVERSION = YES;
				CLANG_WARN_OBJC_IMPLICIT_RETAIN_SELF = YES;
				CLANG_WARN_OBJC_LITERAL_CONVERSION = YES;
				CLANG_WARN_OBJC_ROOT_CLASS = YES_ERROR;
				CLANG_WARN_QUOTED_INCLUDE_IN_FRAMEWORK_HEADER = YES;
				CLANG_WARN_RANGE_LOOP_ANALYSIS = YES;
				CLANG_WARN_STRICT_PROTOTYPES = YES;
				CLANG_WARN_SUSPICIOUS_MOVE = YES;
				CLANG_WARN_UNGUARDED_AVAILABILITY = YES_AGGRESSIVE;
				CLANG_WARN_UNREACHABLE_CODE = YES;
				CLANG_WARN__DUPLICATE_METHOD_MATCH = YES;
				COPY_PHASE_STRIP = NO;
				DEBUG_INFORMATION_FORMAT = "dwarf-with-dsym";
				ENABLE_NS_ASSERTIONS = NO;
				ENABLE_STRICT_OBJC_MSGSEND = YES;
				ENABLE_USER_SCRIPT_SANDBOXING = YES;
				GCC_C_LANGUAGE_STANDARD = gnu17;
				GCC_NO_COMMON_BLOCKS = YES;
				GCC_WARN_64_TO_32_BIT_CONVERSION = YES;
				GCC_WARN_ABOUT_RETURN_TYPE = YES_ERROR;
				GCC_WARN_UNDECLARED_SELECTOR = YES;
				GCC_WARN_UNINITIALIZED_AUTOS = YES_AGGRESSIVE;
				GCC_WARN_UNUSED_FUNCTION = YES;
				GCC_WARN_UNUSED_VARIABLE = YES;
				IPHONEOS_DEPLOYMENT_TARGET = 18.2;
				LOCALIZATION_PREFERS_STRING_CATALOGS = YES;
				MTL_ENABLE_DEBUG_INFO = NO;
				MTL_FAST_MATH = YES;
				SDKROOT = iphoneos;
				SWIFT_COMPILATION_MODE = wholemodule;
				VALIDATE_PRODUCT = YES;
			};
			name = Release;
		};
		9BCC3D082E41E3060087378D /* Debug */ = {
			isa = XCBuildConfiguration;
			buildSettings = {
				ASSETCATALOG_COMPILER_APPICON_NAME = AppIcon;
				ASSETCATALOG_COMPILER_GLOBAL_ACCENT_COLOR_NAME = AccentColor;
				CODE_SIGN_STYLE = Automatic;
				CURRENT_PROJECT_VERSION = 1;
				DEVELOPMENT_ASSET_PATHS = "\"sepaktakraw_app/Preview Content\"";
				DEVELOPMENT_TEAM = W27UARFKQ5;
				ENABLE_PREVIEWS = YES;
				GENERATE_INFOPLIST_FILE = YES;
				INFOPLIST_KEY_UIApplicationSceneManifest_Generation = YES;
				INFOPLIST_KEY_UIApplicationSupportsIndirectInputEvents = YES;
				INFOPLIST_KEY_UILaunchScreen_Generation = YES;
				INFOPLIST_KEY_UISupportedInterfaceOrientations_iPad = "UIInterfaceOrientationPortrait UIInterfaceOrientationPortraitUpsideDown UIInterfaceOrientationLandscapeLeft UIInterfaceOrientationLandscapeRight";
				INFOPLIST_KEY_UISupportedInterfaceOrientations_iPhone = "UIInterfaceOrientationPortrait UIInterfaceOrientationLandscapeLeft UIInterfaceOrientationLandscapeRight";
				LD_RUNPATH_SEARCH_PATHS = (
					"$(inherited)",
					"@executable_path/Frameworks",
				);
				MARKETING_VERSION = 1.0;
				PRODUCT_BUNDLE_IDENTIFIER = "com.sepaktakraw.sepaktakraw-app";
				PRODUCT_NAME = "$(TARGET_NAME)";
				SWIFT_EMIT_LOC_STRINGS = YES;
				SWIFT_VERSION = 5.0;
				TARGETED_DEVICE_FAMILY = "1,2";
			};
			name = Debug;
		};
		9BCC3D092E41E3060087378D /* Release */ = {
			isa = XCBuildConfiguration;
			buildSettings = {
				ASSETCATALOG_COMPILER_APPICON_NAME = AppIcon;
				ASSETCATALOG_COMPILER_GLOBAL_ACCENT_COLOR_NAME = AccentColor;
				CODE_SIGN_STYLE = Automatic;
				CURRENT_PROJECT_VERSION = 1;
				DEVELOPMENT_ASSET_PATHS = "\"sepaktakraw_app/Preview Content\"";
				DEVELOPMENT_TEAM = W27UARFKQ5;
				ENABLE_PREVIEWS = YES;
				GENERATE_INFOPLIST_FILE = YES;
				INFOPLIST_KEY_UIApplicationSceneManifest_Generation = YES;
				INFOPLIST_KEY_UIApplicationSupportsIndirectInputEvents = YES;
				INFOPLIST_KEY_UILaunchScreen_Generation = YES;
				INFOPLIST_KEY_UISupportedInterfaceOrientations_iPad = "UIInterfaceOrientationPortrait UIInterfaceOrientationPortraitUpsideDown UIInterfaceOrientationLandscapeLeft UIInterfaceOrientationLandscapeRight";
				INFOPLIST_KEY_UISupportedInterfaceOrientations_iPhone = "UIInterfaceOrientationPortrait UIInterfaceOrientationLandscapeLeft UIInterfaceOrientationLandscapeRight";
				LD_RUNPATH_SEARCH_PATHS = (
					"$(inherited)",
					"@executable_path/Frameworks",
				);
				MARKETING_VERSION = 1.0;
				PRODUCT_BUNDLE_IDENTIFIER = "com.sepaktakraw.sepaktakraw-app";
				PRODUCT_NAME = "$(TARGET_NAME)";
				SWIFT_EMIT_LOC_STRINGS = YES;
				SWIFT_VERSION = 5.0;
				TARGETED_DEVICE_FAMILY = "1,2";
			};
			name = Release;
		};
		9BCC3D0B2E41E3060087378D /* Debug */ = {
			isa = XCBuildConfiguration;
			buildSettings = {
				BUNDLE_LOADER = "$(TEST_HOST)";
				CODE_SIGN_STYLE = Automatic;
				CURRENT_PROJECT_VERSION = 1;
				GENERATE_INFOPLIST_FILE = YES;
				IPHONEOS_DEPLOYMENT_TARGET = 18.2;
				MARKETING_VERSION = 1.0;
				PRODUCT_BUNDLE_IDENTIFIER = "com.sepaktakraw.sepaktakraw-appTests";
				PRODUCT_NAME = "$(TARGET_NAME)";
				SWIFT_EMIT_LOC_STRINGS = NO;
				SWIFT_VERSION = 5.0;
				TARGETED_DEVICE_FAMILY = "1,2";
				TEST_HOST = "$(BUILT_PRODUCTS_DIR)/sepaktakraw_app.app/$(BUNDLE_EXECUTABLE_FOLDER_PATH)/sepaktakraw_app";
			};
			name = Debug;
		};
		9BCC3D0C2E41E3060087378D /* Release */ = {
			isa = XCBuildConfiguration;
			buildSettings = {
				BUNDLE_LOADER = "$(TEST_HOST)";
				CODE_SIGN_STYLE = Automatic;
				CURRENT_PROJECT_VERSION = 1;
				GENERATE_INFOPLIST_FILE = YES;
				IPHONEOS_DEPLOYMENT_TARGET = 18.2;
				MARKETING_VERSION = 1.0;
				PRODUCT_BUNDLE_IDENTIFIER = "com.sepaktakraw.sepaktakraw-appTests";
				PRODUCT_NAME = "$(TARGET_NAME)";
				SWIFT_EMIT_LOC_STRINGS = NO;
				SWIFT_VERSION = 5.0;
				TARGETED_DEVICE_FAMILY = "1,2";
				TEST_HOST = "$(BUILT_PRODUCTS_DIR)/sepaktakraw_app.app/$(BUNDLE_EXECUTABLE_FOLDER_PATH)/sepaktakraw_app";
			};
			name = Release;
		};
		9BCC3D0E2E41E3060087378D /* Debug */ = {
			isa = XCBuildConfiguration;
			buildSettings = {
				CODE_SIGN_STYLE = Automatic;
				CURRENT_PROJECT_VERSION = 1;
				GENERATE_INFOPLIST_FILE = YES;
				MARKETING_VERSION = 1.0;
				PRODUCT_BUNDLE_IDENTIFIER = "com.sepaktakraw.sepaktakraw-appUITests";
				PRODUCT_NAME = "$(TARGET_NAME)";
				SWIFT_EMIT_LOC_STRINGS = NO;
				SWIFT_VERSION = 5.0;
				TARGETED_DEVICE_FAMILY = "1,2";
				TEST_TARGET_NAME = sepaktakraw_app;
			};
			name = Debug;
		};
		9BCC3D0F2E41E3060087378D /* Release */ = {
			isa = XCBuildConfiguration;
			buildSettings = {
				CODE_SIGN_STYLE = Automatic;
				CURRENT_PROJECT_VERSION = 1;
				GENERATE_INFOPLIST_FILE = YES;
				MARKETING_VERSION = 1.0;
				PRODUCT_BUNDLE_IDENTIFIER = "com.sepaktakraw.sepaktakraw-appUITests";
				PRODUCT_NAME = "$(TARGET_NAME)";
				SWIFT_EMIT_LOC_STRINGS = NO;
				SWIFT_VERSION = 5.0;
				TARGETED_DEVICE_FAMILY = "1,2";
				TEST_TARGET_NAME = sepaktakraw_app;
			};
			name = Release;
		};
/* End XCBuildConfiguration section */

/* Begin XCConfigurationList section */
		9BCC3CDE2E41E3050087378D /* Build configuration list for PBXProject "sepaktakraw_app" */ = {
			isa = XCConfigurationList;
			buildConfigurations = (
				9BCC3D052E41E3060087378D /* Debug */,
				9BCC3D062E41E3060087378D /* Release */,
			);
			defaultConfigurationIsVisible = 0;
			defaultConfigurationName = Release;
		};
		9BCC3D072E41E3060087378D /* Build configuration list for PBXNativeTarget "sepaktakraw_app" */ = {
			isa = XCConfigurationList;
			buildConfigurations = (
				9BCC3D082E41E3060087378D /* Debug */,
				9BCC3D092E41E3060087378D /* Release */,
			);
			defaultConfigurationIsVisible = 0;
			defaultConfigurationName = Release;
		};
		9BCC3D0A2E41E3060087378D /* Build configuration list for PBXNativeTarget "sepaktakraw_appTests" */ = {
			isa = XCConfigurationList;
			buildConfigurations = (
				9BCC3D0B2E41E3060087378D /* Debug */,
				9BCC3D0C2E41E3060087378D /* Release */,
			);
			defaultConfigurationIsVisible = 0;
			defaultConfigurationName = Release;
		};
		9BCC3D0D2E41E3060087378D /* Build configuration list for PBXNativeTarget "sepaktakraw_appUITests" */ = {
			isa = XCConfigurationList;
			buildConfigurations = (
				9BCC3D0E2E41E3060087378D /* Debug */,
				9BCC3D0F2E41E3060087378D /* Release */,
			);
			defaultConfigurationIsVisible = 0;
			defaultConfigurationName = Release;
		};
/* End XCConfigurationList section */
	};
	rootObject = 9BCC3CDB2E41E3050087378D /* Project object */;
}
